
Microsoft Visual Studio Solution File, Format Version 12.00
# Visual Studio Version 16
VisualStudioVersion = 16.0.30621.155
MinimumVisualStudioVersion = 10.0.40219.1
Project("{FAE04EC0-301F-11D3-BF4B-00C04F79EFBC}") = "SampleWebAppArchanaAzureProject", "SampleWebAppArchanaAzureProject\SampleWebAppArchanaAzureProject.csproj", "{31DDAC61-3478-4A66-B921-BFB4229688DF}"
EndProject
Global
	GlobalSection(SolutionConfigurationPlatforms) = preSolution
		Debug|Any CPU = Debug|Any CPU
		Release|Any CPU = Release|Any CPU
	EndGlobalSection
	GlobalSection(ProjectConfigurationPlatforms) = postSolution
		{31DDAC61-3478-4A66-B921-BFB4229688DF}.Debug|Any CPU.ActiveCfg = Debug|Any CPU
		{31DDAC61-3478-4A66-B921-BFB4229688DF}.Debug|Any CPU.Build.0 = Debug|Any CPU
		{31DDAC61-3478-4A66-B921-BFB4229688DF}.Release|Any CPU.ActiveCfg = Release|Any CPU
		{31DDAC61-3478-4A66-B921-BFB4229688DF}.Release|Any CPU.Build.0 = Release|Any CPU
	EndGlobalSection
	GlobalSection(SolutionProperties) = preSolution
		HideSolutionNode = FALSE
	EndGlobalSection
	GlobalSection(ExtensibilityGlobals) = postSolution
		SolutionGuid = {45E1EF20-0910-4898-88EE-3350B64D0543}
	EndGlobalSection
EndGlobal
